
Microsoft Visual Studio Solution File, Format Version 12.00
# Visual Studio Version 17
VisualStudioVersion = 17.5.33502.453
MinimumVisualStudioVersion = 10.0.40219.1
Project("{FAE04EC0-301F-11D3-BF4B-00C04F79EFBC}") = "TrifoyProject.API", "TrifoyProject.API\TrifoyProject.API.csproj", "{D14179BF-FA54-43F3-B964-D63B486F3556}"
EndProject
Global
	GlobalSection(SolutionConfigurationPlatforms) = preSolution
		Debug|Any CPU = Debug|Any CPU
		Release|Any CPU = Release|Any CPU
	EndGlobalSection
	GlobalSection(ProjectConfigurationPlatforms) = postSolution
		{D14179BF-FA54-43F3-B964-D63B486F3556}.Debug|Any CPU.ActiveCfg = Debug|Any CPU
		{D14179BF-FA54-43F3-B964-D63B486F3556}.Debug|Any CPU.Build.0 = Debug|Any CPU
		{D14179BF-FA54-43F3-B964-D63B486F3556}.Release|Any CPU.ActiveCfg = Release|Any CPU
		{D14179BF-FA54-43F3-B964-D63B486F3556}.Release|Any CPU.Build.0 = Release|Any CPU
	EndGlobalSection
	GlobalSection(SolutionProperties) = preSolution
		HideSolutionNode = FALSE
	EndGlobalSection
	GlobalSection(ExtensibilityGlobals) = postSolution
		SolutionGuid = {329326E7-FF8E-4876-8C20-7B4BC3FEF05E}
	EndGlobalSection
EndGlobal
